
Microsoft Visual Studio Solution File, Format Version 12.00
# Visual Studio Version 17
VisualStudioVersion = 17.14.36623.8 d17.14
MinimumVisualStudioVersion = 10.0.40219.1
Project("{FAE04EC0-301F-11D3-BF4B-00C04F79EFBC}") = "SinemaYonetimSistemi", "SinemaYonetimSistemi\SinemaYonetimSistemi.csproj", "{CF6FA695-6D83-411D-87E0-8E824C561692}"
EndProject
Global
	GlobalSection(SolutionConfigurationPlatforms) = preSolution
		Debug|Any CPU = Debug|Any CPU
		Release|Any CPU = Release|Any CPU
	EndGlobalSection
	GlobalSection(ProjectConfigurationPlatforms) = postSolution
		{CF6FA695-6D83-411D-87E0-8E824C561692}.Debug|Any CPU.ActiveCfg = Debug|Any CPU
		{CF6FA695-6D83-411D-87E0-8E824C561692}.Debug|Any CPU.Build.0 = Debug|Any CPU
		{CF6FA695-6D83-411D-87E0-8E824C561692}.Release|Any CPU.ActiveCfg = Release|Any CPU
		{CF6FA695-6D83-411D-87E0-8E824C561692}.Release|Any CPU.Build.0 = Release|Any CPU
	EndGlobalSection
	GlobalSection(SolutionProperties) = preSolution
		HideSolutionNode = FALSE
	EndGlobalSection
	GlobalSection(ExtensibilityGlobals) = postSolution
		SolutionGuid = {F40DDC3E-4604-4DBD-801A-D9400B68DF05}
	EndGlobalSection
EndGlobal
